# This file is @generated by PDM.
# It is not intended for manual editing.

[metadata]
groups = ["default"]
strategy = ["cross_platform"]
lock_version = "4.4"
content_hash = "sha256:7b4e4221b2a3c821146c17691a77965484c08a8df860c1efbcf454b4c184fe29"

[[package]]
name = "aioconsole"
version = "0.6.2"
requires_python = ">=3.7"
summary = "Asynchronous console and interfaces for asyncio"
files = [
    {file = "aioconsole-0.6.2-py3-none-any.whl", hash = "sha256:1968021eb03b88fcdf5f5398154b21585e941a7b98c9fcef51c4bb0158156619"},
    {file = "aioconsole-0.6.2.tar.gz", hash = "sha256:bac11286f1062613d2523ceee1ba81c676cd269812b865b66b907448a7b5f63e"},
]

[[package]]
name = "asyncio"
version = "3.4.3"
summary = "reference implementation of PEP 3156"
files = [
    {file = "asyncio-3.4.3-py3-none-any.whl", hash = "sha256:c4d18b22701821de07bd6aea8b53d21449ec0ec5680645e5317062ea21817d2d"},
    {file = "asyncio-3.4.3.tar.gz", hash = "sha256:83360ff8bc97980e4ff25c964c7bd3923d333d177aa4f7fb736b019f26c7cb41"},
]

[[package]]
name = "websockets"
version = "10.0"
requires_python = ">=3.7"
summary = "An implementation of the WebSocket Protocol (RFC 6455 & 7692)"
files = [
    {file = "websockets-10.0.tar.gz", hash = "sha256:c4fc9a1d242317892590abe5b61a9127f1a61740477bfb121743f290b8054002"},
]
